
Microsoft Visual Studio Solution File, Format Version 12.00
# Visual Studio Version 17
VisualStudioVersion = 17.0.32002.185
MinimumVisualStudioVersion = 10.0.40219.1
Project("{FAE04EC0-301F-11D3-BF4B-00C04F79EFBC}") = "Student management", "Student management\Student management.csproj", "{5633A519-1384-4E96-B2E7-F96A829C6FCD}"
EndProject
Global
	GlobalSection(SolutionConfigurationPlatforms) = preSolution
		Debug|Any CPU = Debug|Any CPU
		Release|Any CPU = Release|Any CPU
	EndGlobalSection
	GlobalSection(ProjectConfigurationPlatforms) = postSolution
		{5633A519-1384-4E96-B2E7-F96A829C6FCD}.Debug|Any CPU.ActiveCfg = Debug|Any CPU
		{5633A519-1384-4E96-B2E7-F96A829C6FCD}.Debug|Any CPU.Build.0 = Debug|Any CPU
		{5633A519-1384-4E96-B2E7-F96A829C6FCD}.Release|Any CPU.ActiveCfg = Release|Any CPU
		{5633A519-1384-4E96-B2E7-F96A829C6FCD}.Release|Any CPU.Build.0 = Release|Any CPU
	EndGlobalSection
	GlobalSection(SolutionProperties) = preSolution
		HideSolutionNode = FALSE
	EndGlobalSection
	GlobalSection(ExtensibilityGlobals) = postSolution
		SolutionGuid = {E8A64E63-1B82-432F-88EB-1CE67B4D7B39}
	EndGlobalSection
EndGlobal
